
Microsoft Visual Studio Solution File, Format Version 12.00
# Visual Studio Version 16
VisualStudioVersion = 16.0.30517.126
MinimumVisualStudioVersion = 10.0.40219.1
Project("{FAE04EC0-301F-11D3-BF4B-00C04F79EFBC}") = "TravelRecord.Android", "TravelRecord\TravelRecord.Android\TravelRecord.Android.csproj", "{39A22D38-7712-4319-A0AF-67B1E19C39C5}"
EndProject
Project("{FAE04EC0-301F-11D3-BF4B-00C04F79EFBC}") = "TravelRecord.iOS", "TravelRecord\TravelRecord.iOS\TravelRecord.iOS.csproj", "{92A027FD-0E49-45BA-85B4-2007E50632D2}"
EndProject
Project("{FAE04EC0-301F-11D3-BF4B-00C04F79EFBC}") = "TravelRecord", "TravelRecord\TravelRecord\TravelRecord.csproj", "{DC1AE7E0-22C5-4EB4-AE62-B70816A57B14}"
EndProject
Global
	GlobalSection(SolutionConfigurationPlatforms) = preSolution
		Debug|Any CPU = Debug|Any CPU
		Debug|iPhone = Debug|iPhone
		Debug|iPhoneSimulator = Debug|iPhoneSimulator
		Release|Any CPU = Release|Any CPU
		Release|iPhone = Release|iPhone
		Release|iPhoneSimulator = Release|iPhoneSimulator
	EndGlobalSection
	GlobalSection(ProjectConfigurationPlatforms) = postSolution
		{39A22D38-7712-4319-A0AF-67B1E19C39C5}.Debug|Any CPU.ActiveCfg = Debug|Any CPU
		{39A22D38-7712-4319-A0AF-67B1E19C39C5}.Debug|Any CPU.Build.0 = Debug|Any CPU
		{39A22D38-7712-4319-A0AF-67B1E19C39C5}.Debug|Any CPU.Deploy.0 = Debug|Any CPU
		{39A22D38-7712-4319-A0AF-67B1E19C39C5}.Debug|iPhone.ActiveCfg = Debug|Any CPU
		{39A22D38-7712-4319-A0AF-67B1E19C39C5}.Debug|iPhone.Build.0 = Debug|Any CPU
		{39A22D38-7712-4319-A0AF-67B1E19C39C5}.Debug|iPhone.Deploy.0 = Debug|Any CPU
		{39A22D38-7712-4319-A0AF-67B1E19C39C5}.Debug|iPhoneSimulator.ActiveCfg = Debug|Any CPU
		{39A22D38-7712-4319-A0AF-67B1E19C39C5}.Debug|iPhoneSimulator.Build.0 = Debug|Any CPU
		{39A22D38-7712-4319-A0AF-67B1E19C39C5}.Debug|iPhoneSimulator.Deploy.0 = Debug|Any CPU
		{39A22D38-7712-4319-A0AF-67B1E19C39C5}.Release|Any CPU.ActiveCfg = Release|Any CPU
		{39A22D38-7712-4319-A0AF-67B1E19C39C5}.Release|Any CPU.Build.0 = Release|Any CPU
		{39A22D38-7712-4319-A0AF-67B1E19C39C5}.Release|Any CPU.Deploy.0 = Release|Any CPU
		{39A22D38-7712-4319-A0AF-67B1E19C39C5}.Release|iPhone.ActiveCfg = Release|Any CPU
		{39A22D38-7712-4319-A0AF-67B1E19C39C5}.Release|iPhone.Build.0 = Release|Any CPU
		{39A22D38-7712-4319-A0AF-67B1E19C39C5}.Release|iPhone.Deploy.0 = Release|Any CPU
		{39A22D38-7712-4319-A0AF-67B1E19C39C5}.Release|iPhoneSimulator.ActiveCfg = Release|Any CPU
		{39A22D38-7712-4319-A0AF-67B1E19C39C5}.Release|iPhoneSimulator.Build.0 = Release|Any CPU
		{39A22D38-7712-4319-A0AF-67B1E19C39C5}.Release|iPhoneSimulator.Deploy.0 = Release|Any CPU
		{92A027FD-0E49-45BA-85B4-2007E50632D2}.Debug|Any CPU.ActiveCfg = Debug|iPhone
		{92A027FD-0E49-45BA-85B4-2007E50632D2}.Debug|Any CPU.Build.0 = Debug|iPhone
		{92A027FD-0E49-45BA-85B4-2007E50632D2}.Debug|Any CPU.Deploy.0 = Debug|iPhone
		{92A027FD-0E49-45BA-85B4-2007E50632D2}.Debug|iPhone.ActiveCfg = Debug|iPhone
		{92A027FD-0E49-45BA-85B4-2007E50632D2}.Debug|iPhone.Build.0 = Debug|iPhone
		{92A027FD-0E49-45BA-85B4-2007E50632D2}.Debug|iPhone.Deploy.0 = Debug|iPhone
		{92A027FD-0E49-45BA-85B4-2007E50632D2}.Debug|iPhoneSimulator.ActiveCfg = Debug|iPhoneSimulator
		{92A027FD-0E49-45BA-85B4-2007E50632D2}.Debug|iPhoneSimulator.Build.0 = Debug|iPhoneSimulator
		{92A027FD-0E49-45BA-85B4-2007E50632D2}.Debug|iPhoneSimulator.Deploy.0 = Debug|iPhoneSimulator
		{92A027FD-0E49-45BA-85B4-2007E50632D2}.Release|Any CPU.ActiveCfg = Release|iPhoneSimulator
		{92A027FD-0E49-45BA-85B4-2007E50632D2}.Release|Any CPU.Build.0 = Release|iPhoneSimulator
		{92A027FD-0E49-45BA-85B4-2007E50632D2}.Release|Any CPU.Deploy.0 = Release|iPhoneSimulator
		{92A027FD-0E49-45BA-85B4-2007E50632D2}.Release|iPhone.ActiveCfg = Release|iPhone
		{92A027FD-0E49-45BA-85B4-2007E50632D2}.Release|iPhone.Build.0 = Release|iPhone
		{92A027FD-0E49-45BA-85B4-2007E50632D2}.Release|iPhone.Deploy.0 = Release|iPhone
		{92A027FD-0E49-45BA-85B4-2007E50632D2}.Release|iPhoneSimulator.ActiveCfg = Release|iPhoneSimulator
		{92A027FD-0E49-45BA-85B4-2007E50632D2}.Release|iPhoneSimulator.Build.0 = Release|iPhoneSimulator
		{92A027FD-0E49-45BA-85B4-2007E50632D2}.Release|iPhoneSimulator.Deploy.0 = Release|iPhoneSimulator
		{DC1AE7E0-22C5-4EB4-AE62-B70816A57B14}.Debug|Any CPU.ActiveCfg = Debug|Any CPU
		{DC1AE7E0-22C5-4EB4-AE62-B70816A57B14}.Debug|Any CPU.Build.0 = Debug|Any CPU
		{DC1AE7E0-22C5-4EB4-AE62-B70816A57B14}.Debug|Any CPU.Deploy.0 = Debug|Any CPU
		{DC1AE7E0-22C5-4EB4-AE62-B70816A57B14}.Debug|iPhone.ActiveCfg = Debug|Any CPU
		{DC1AE7E0-22C5-4EB4-AE62-B70816A57B14}.Debug|iPhone.Build.0 = Debug|Any CPU
		{DC1AE7E0-22C5-4EB4-AE62-B70816A57B14}.Debug|iPhone.Deploy.0 = Debug|Any CPU
		{DC1AE7E0-22C5-4EB4-AE62-B70816A57B14}.Debug|iPhoneSimulator.ActiveCfg = Debug|Any CPU
		{DC1AE7E0-22C5-4EB4-AE62-B70816A57B14}.Debug|iPhoneSimulator.Build.0 = Debug|Any CPU
		{DC1AE7E0-22C5-4EB4-AE62-B70816A57B14}.Debug|iPhoneSimulator.Deploy.0 = Debug|Any CPU
		{DC1AE7E0-22C5-4EB4-AE62-B70816A57B14}.Release|Any CPU.ActiveCfg = Release|Any CPU
		{DC1AE7E0-22C5-4EB4-AE62-B70816A57B14}.Release|Any CPU.Build.0 = Release|Any CPU
		{DC1AE7E0-22C5-4EB4-AE62-B70816A57B14}.Release|Any CPU.Deploy.0 = Release|Any CPU
		{DC1AE7E0-22C5-4EB4-AE62-B70816A57B14}.Release|iPhone.ActiveCfg = Release|Any CPU
		{DC1AE7E0-22C5-4EB4-AE62-B70816A57B14}.Release|iPhone.Build.0 = Release|Any CPU
		{DC1AE7E0-22C5-4EB4-AE62-B70816A57B14}.Release|iPhone.Deploy.0 = Release|Any CPU
		{DC1AE7E0-22C5-4EB4-AE62-B70816A57B14}.Release|iPhoneSimulator.ActiveCfg = Release|Any CPU
		{DC1AE7E0-22C5-4EB4-AE62-B70816A57B14}.Release|iPhoneSimulator.Build.0 = Release|Any CPU
		{DC1AE7E0-22C5-4EB4-AE62-B70816A57B14}.Release|iPhoneSimulator.Deploy.0 = Release|Any CPU
	EndGlobalSection
	GlobalSection(SolutionProperties) = preSolution
		HideSolutionNode = FALSE
	EndGlobalSection
	GlobalSection(ExtensibilityGlobals) = postSolution
		SolutionGuid = {6961682C-C787-4313-9695-1C8C25210A31}
	EndGlobalSection
EndGlobal
